
Microsoft Visual Studio Solution File, Format Version 12.00
# Visual Studio 15
VisualStudioVersion = 15.0.28307.168
MinimumVisualStudioVersion = 10.0.40219.1
Project("{FAE04EC0-301F-11D3-BF4B-00C04F79EFBC}") = "TreeNavigator_DataBinding", "TreeNavigator_DataBinding\TreeNavigator_DataBinding.csproj", "{69462AD1-899A-42B7-8A99-42084AAE10FC}"
EndProject
Global
	GlobalSection(SolutionConfigurationPlatforms) = preSolution
		Debug|Any CPU = Debug|Any CPU
		Release|Any CPU = Release|Any CPU
	EndGlobalSection
	GlobalSection(ProjectConfigurationPlatforms) = postSolution
		{69462AD1-899A-42B7-8A99-42084AAE10FC}.Debug|Any CPU.ActiveCfg = Debug|Any CPU
		{69462AD1-899A-42B7-8A99-42084AAE10FC}.Debug|Any CPU.Build.0 = Debug|Any CPU
		{69462AD1-899A-42B7-8A99-42084AAE10FC}.Release|Any CPU.ActiveCfg = Release|Any CPU
		{69462AD1-899A-42B7-8A99-42084AAE10FC}.Release|Any CPU.Build.0 = Release|Any CPU
	EndGlobalSection
	GlobalSection(SolutionProperties) = preSolution
		HideSolutionNode = FALSE
	EndGlobalSection
	GlobalSection(ExtensibilityGlobals) = postSolution
		SolutionGuid = {C9526BC3-D80A-4847-821A-768B73F8AEFD}
	EndGlobalSection
EndGlobal
